{
  "version": 4,
  "terraform_version": "1.9.3",
  "serial": 1,
  "lineage": "74b346b3-42ef-d7fe-5be6-ad2f5ce98b3c",
  "outputs": {},
  "resources": [
    {
      "mode": "managed",
      "type": "local_file",
      "name": "generated",
      "provider": "provider[\"registry.terraform.io/hashicorp/local\"]",
      "instances": [
        {
          "schema_version": 0,
          "attributes": {
            "content": "This is a dev environment file",
            "content_base64": null,
            "content_base64sha256": "WNfELtoHdMVxYi0G6FxM71vsO67W9SPGnCqfGIOsqEM=",
            "content_base64sha512": "YyhMNst+bhKooxtqJkdjfGece+8MqB105pj0W8Y8c6cHZ5BPEDWmEadipG47lQF0zxI2ZqtcEh6R4dvodOACBg==",
            "content_md5": "19bf4e2e2d4505f0cf2fdcef79718b4b",
            "content_sha1": "cf0681bb541e14ccf6a14b3554aed35ea1d81e4b",
            "content_sha256": "58d7c42eda0774c571622d06e85c4cef5bec3baed6f523c69c2a9f1883aca843",
            "content_sha512": "63284c36cb7e6e12a8a31b6a2647637c679c7bef0ca81d74e698f45bc63c73a70767904f1035a611a762a46e3b950174cf123666ab5c121e91e1dbe874e00206",
            "directory_permission": "0777",
            "file_permission": "0777",
            "filename": "./dev_generated_file.log",
            "id": "cf0681bb541e14ccf6a14b3554aed35ea1d81e4b",
            "sensitive_content": null,
            "source": null
          },
          "sensitive_attributes": [
            [
              {
                "type": "get_attr",
                "value": "sensitive_content"
              }
            ]
          ]
        }
      ]
    }
  ],
  "check_results": null
}
