{
  "version": 4,
  "terraform_version": "1.9.3",
  "serial": 20,
  "lineage": "45dd36b8-09d9-30fb-75af-fafb317bccbe",
  "outputs": {},
  "resources": [
    {
      "mode": "managed",
      "type": "local_file",
      "name": "generated",
      "provider": "provider[\"registry.terraform.io/hashicorp/local\"]",
      "instances": [
        {
          "schema_version": 0,
          "attributes": {
            "content": "This is a prod environment file",
            "content_base64": null,
            "content_base64sha256": "whWlCRaEC33cOCXC6dVqnMTDQrB6XkGIjBEWR5Gj7jM=",
            "content_base64sha512": "GtDhohGfV5TZRFiyGeQnVVkH4XivFJ9/bN3vviQHUqOUmXNPsGnXXdxs9D7oxZrJFT21hjYMEA7r7GAQJAd4rQ==",
            "content_md5": "dca6e743354c9c7f0f14f28f0e30eff7",
            "content_sha1": "0ec103bb8f0e28e57fd0e370ed78240b05ef02f9",
            "content_sha256": "c215a50916840b7ddc3825c2e9d56a9cc4c342b07a5e41888c11164791a3ee33",
            "content_sha512": "1ad0e1a2119f5794d94458b219e427555907e178af149f7f6cddefbe240752a39499734fb069d75ddc6cf43ee8c59ac9153db586360c100eebec6010240778ad",
            "directory_permission": "0777",
            "file_permission": "0777",
            "filename": "dev_generated_file.log",
            "id": "0ec103bb8f0e28e57fd0e370ed78240b05ef02f9",
            "sensitive_content": null,
            "source": null
          },
          "sensitive_attributes": [
            [
              {
                "type": "get_attr",
                "value": "sensitive_content"
              }
            ]
          ]
        }
      ]
    }
  ],
  "check_results": null
}
